{
  "name": "rngalgorithms",
  "version": "1.0.0",
  "lockfileVersion": 2,
  "requires": true,
  "packages": {
    "": {
      "name": "rngalgorithms",
      "version": "1.0.0",
      "license": "ISC",
      "dependencies": {
        "mersenne-twister": "^1.1.0",
        "pcg-random": "^2.0.1",
        "randombytes": "^2.1.0",
        "well-rng": "^1.0.1"
      }
    },
    "node_modules/mersenne-twister": {
      "version": "1.1.0",
      "resolved": "https://registry.npmjs.org/mersenne-twister/-/mersenne-twister-1.1.0.tgz",
      "integrity": "sha512-mUYWsMKNrm4lfygPkL3OfGzOPTR2DBlTkBNHM//F6hGp8cLThY897crAlk3/Jo17LEOOjQUrNAx6DvgO77QJkA=="
    },
    "node_modules/pcg-random": {
      "version": "2.0.1",
      "resolved": "https://registry.npmjs.org/pcg-random/-/pcg-random-2.0.1.tgz",
      "integrity": "sha512-uWjSdJoX14aDB7UhJx4977CawZagqihIi+PTUa37WzXc+noPJbJIc03ejYhZlT5b7C1Bo2fhktONLP3KAbRtyA=="
    },
    "node_modules/randombytes": {
      "version": "2.1.0",
      "resolved": "https://registry.npmjs.org/randombytes/-/randombytes-2.1.0.tgz",
      "integrity": "sha512-vYl3iOX+4CKUWuxGi9Ukhie6fsqXqS9FE2Zaic4tNFD2N2QQaXOMFbuKK4QmDHC0JO6B1Zp41J0LpT0oR68amQ==",
      "dependencies": {
        "safe-buffer": "^5.1.0"
      }
    },
    "node_modules/safe-buffer": {
      "version": "5.2.1",
      "resolved": "https://registry.npmjs.org/safe-buffer/-/safe-buffer-5.2.1.tgz",
      "integrity": "sha512-rp3So07KcdmmKbGvgaNxQSJr7bGVSVk5S9Eq1F+ppbRo70+YeaDxkw5Dd8NPN+GD6bjnYm2VuPuCXmpuYvmCXQ==",
      "funding": [
        {
          "type": "github",
          "url": "https://github.com/sponsors/feross"
        },
        {
          "type": "patreon",
          "url": "https://www.patreon.com/feross"
        },
        {
          "type": "consulting",
          "url": "https://feross.org/support"
        }
      ]
    },
    "node_modules/well-rng": {
      "version": "1.0.1",
      "resolved": "https://registry.npmjs.org/well-rng/-/well-rng-1.0.1.tgz",
      "integrity": "sha512-NFqIoPcdLX30zasfSSrshgrC7MZPuHa/g9nYLiIxURA30z2d2vjUznKxtTLDU5sh7Cbr17IssBa3f1vBu+9ejQ==",
      "engines": {
        "node": "> 0.8.0"
      }
    }
  },
  "dependencies": {
    "mersenne-twister": {
      "version": "1.1.0",
      "resolved": "https://registry.npmjs.org/mersenne-twister/-/mersenne-twister-1.1.0.tgz",
      "integrity": "sha512-mUYWsMKNrm4lfygPkL3OfGzOPTR2DBlTkBNHM//F6hGp8cLThY897crAlk3/Jo17LEOOjQUrNAx6DvgO77QJkA=="
    },
    "pcg-random": {
      "version": "2.0.1",
      "resolved": "https://registry.npmjs.org/pcg-random/-/pcg-random-2.0.1.tgz",
      "integrity": "sha512-uWjSdJoX14aDB7UhJx4977CawZagqihIi+PTUa37WzXc+noPJbJIc03ejYhZlT5b7C1Bo2fhktONLP3KAbRtyA=="
    },
    "randombytes": {
      "version": "2.1.0",
      "resolved": "https://registry.npmjs.org/randombytes/-/randombytes-2.1.0.tgz",
      "integrity": "sha512-vYl3iOX+4CKUWuxGi9Ukhie6fsqXqS9FE2Zaic4tNFD2N2QQaXOMFbuKK4QmDHC0JO6B1Zp41J0LpT0oR68amQ==",
      "requires": {
        "safe-buffer": "^5.1.0"
      }
    },
    "safe-buffer": {
      "version": "5.2.1",
      "resolved": "https://registry.npmjs.org/safe-buffer/-/safe-buffer-5.2.1.tgz",
      "integrity": "sha512-rp3So07KcdmmKbGvgaNxQSJr7bGVSVk5S9Eq1F+ppbRo70+YeaDxkw5Dd8NPN+GD6bjnYm2VuPuCXmpuYvmCXQ=="
    },
    "well-rng": {
      "version": "1.0.1",
      "resolved": "https://registry.npmjs.org/well-rng/-/well-rng-1.0.1.tgz",
      "integrity": "sha512-NFqIoPcdLX30zasfSSrshgrC7MZPuHa/g9nYLiIxURA30z2d2vjUznKxtTLDU5sh7Cbr17IssBa3f1vBu+9ejQ=="
    }
  }
}
